
Microsoft Visual Studio Solution File, Format Version 12.00
# Visual Studio Version 17
VisualStudioVersion = 17.7.34202.233
MinimumVisualStudioVersion = 10.0.40219.1
Project("{9A19103F-16F7-4668-BE54-9A1E7A4F7556}") = "metadata_extractor", "metadata_extractor\metadata_extractor.csproj", "{E2B13682-BD82-4F52-902B-632EA957EF20}"
EndProject
Project("{2150E333-8FDC-42A3-9474-1A3956D46DE8}") = "Solution Items", "Solution Items", "{4A9FF45B-57AB-4208-BB7D-2DA9F200BE1B}"
EndProject
Global
	GlobalSection(SolutionConfigurationPlatforms) = preSolution
		Debug|Any CPU = Debug|Any CPU
		Release|Any CPU = Release|Any CPU
	EndGlobalSection
	GlobalSection(ProjectConfigurationPlatforms) = postSolution
		{E2B13682-BD82-4F52-902B-632EA957EF20}.Debug|Any CPU.ActiveCfg = Debug|Any CPU
		{E2B13682-BD82-4F52-902B-632EA957EF20}.Debug|Any CPU.Build.0 = Debug|Any CPU
		{E2B13682-BD82-4F52-902B-632EA957EF20}.Release|Any CPU.ActiveCfg = Release|Any CPU
		{E2B13682-BD82-4F52-902B-632EA957EF20}.Release|Any CPU.Build.0 = Release|Any CPU
	EndGlobalSection
	GlobalSection(SolutionProperties) = preSolution
		HideSolutionNode = FALSE
	EndGlobalSection
	GlobalSection(ExtensibilityGlobals) = postSolution
		SolutionGuid = {6CEAFBCF-85B6-4028-9715-92C8EF07638B}
	EndGlobalSection
EndGlobal
