
Microsoft Visual Studio Solution File, Format Version 12.00
# Visual Studio Version 16
VisualStudioVersion = 25.0.1706.8
MinimumVisualStudioVersion = 10.0.40219.1
Project("{FAE04EC0-301F-11D3-BF4B-00C04F79EFBC}") = "metadata_extractor", "metadata_extractor\metadata_extractor.csproj", "{6134740E-5D5D-44DA-AFEA-60269BB6BBA8}"
EndProject
Global
	GlobalSection(SolutionConfigurationPlatforms) = preSolution
		Debug|Any CPU = Debug|Any CPU
		Release|Any CPU = Release|Any CPU
	EndGlobalSection
	GlobalSection(ProjectConfigurationPlatforms) = postSolution
		{6134740E-5D5D-44DA-AFEA-60269BB6BBA8}.Debug|Any CPU.ActiveCfg = Debug|Any CPU
		{6134740E-5D5D-44DA-AFEA-60269BB6BBA8}.Debug|Any CPU.Build.0 = Debug|Any CPU
		{6134740E-5D5D-44DA-AFEA-60269BB6BBA8}.Release|Any CPU.ActiveCfg = Release|Any CPU
		{6134740E-5D5D-44DA-AFEA-60269BB6BBA8}.Release|Any CPU.Build.0 = Release|Any CPU
	EndGlobalSection
	GlobalSection(SolutionProperties) = preSolution
		HideSolutionNode = FALSE
	EndGlobalSection
	GlobalSection(ExtensibilityGlobals) = postSolution
		SolutionGuid = {A58FE5A2-DE50-4128-B251-BFE202197F14}
	EndGlobalSection
EndGlobal
